Microsoft Visual Studio Solution File, Format Version 11.00
# Visual Studio 2008

Project("{D8D22768-8B26-98BF-942E-4464330BC5FA}") = "unity-orm", "Assembly-CSharp.csproj", "{9B3673B2-6A47-BA69-D0DE-68D4252F8FCA}"
EndProject
Global
	GlobalSection(SolutionConfigurationPlatforms) = preSolution
		Debug|Any CPU = Debug|Any CPU
		Release|Any CPU = Release|Any CPU
	EndGlobalSection
	GlobalSection(ProjectConfigurationPlatforms) = postSolution
		{9B3673B2-6A47-BA69-D0DE-68D4252F8FCA}.Debug|Any CPU.ActiveCfg = Debug|Any CPU
		{9B3673B2-6A47-BA69-D0DE-68D4252F8FCA}.Debug|Any CPU.Build.0 = Debug|Any CPU
		{9B3673B2-6A47-BA69-D0DE-68D4252F8FCA}.Release|Any CPU.ActiveCfg = Release|Any CPU
		{9B3673B2-6A47-BA69-D0DE-68D4252F8FCA}.Release|Any CPU.Build.0 = Release|Any CPU
	EndGlobalSection
	GlobalSection(SolutionProperties) = preSolution
		HideSolutionNode = FALSE
	EndGlobalSection
						GlobalSection(MonoDevelopProperties) = preSolution
		StartupItem = Assembly-CSharp.csproj
		Policies = $0
		$0.TextStylePolicy = $1
		$1.FileWidth = 120
		$1.TabsToSpaces = False
		$1.EolMarker = Unix
		$1.inheritsSet = VisualStudio
		$1.inheritsScope = text/plain
		$1.scope = text/x-csharp
		$0.CSharpFormattingPolicy = $2
		$2.IndentSwitchBody = True
		$2.BeforeMethodDeclarationParentheses = False
		$2.BeforeMethodCallParentheses = False
		$2.BeforeConstructorDeclarationParentheses = False
		$2.BeforeDelegateDeclarationParentheses = False
		$2.NewParentheses = False
		$2.SpacesBeforeBrackets = False
		$2.inheritsSet = Mono
		$2.inheritsScope = text/x-csharp
		$2.scope = text/x-csharp
		$0.TextStylePolicy = $3
		$3.FileWidth = 120
		$3.TabWidth = 4
		$3.EolMarker = Unix
		$3.inheritsSet = Mono
		$3.inheritsScope = text/plain
		$3.scope = text/plain
	EndGlobalSection

EndGlobal
